
Microsoft Visual Studio Solution File, Format Version 12.00
# Visual Studio 15
VisualStudioVersion = 15.0.27130.2036
MinimumVisualStudioVersion = 10.0.40219.1
Project("{FAE04EC0-301F-11D3-BF4B-00C04F79EFBC}") = "Residence", "Residence\Residence.csproj", "{5DEA11C4-92D5-4950-92AB-7E77D9774F6F}"
EndProject
Global
	GlobalSection(SolutionConfigurationPlatforms) = preSolution
		Debug|Any CPU = Debug|Any CPU
		Release|Any CPU = Release|Any CPU
	EndGlobalSection
	GlobalSection(ProjectConfigurationPlatforms) = postSolution
		{5DEA11C4-92D5-4950-92AB-7E77D9774F6F}.Debug|Any CPU.ActiveCfg = Debug|Any CPU
		{5DEA11C4-92D5-4950-92AB-7E77D9774F6F}.Debug|Any CPU.Build.0 = Debug|Any CPU
		{5DEA11C4-92D5-4950-92AB-7E77D9774F6F}.Release|Any CPU.ActiveCfg = Release|Any CPU
		{5DEA11C4-92D5-4950-92AB-7E77D9774F6F}.Release|Any CPU.Build.0 = Release|Any CPU
	EndGlobalSection
	GlobalSection(SolutionProperties) = preSolution
		HideSolutionNode = FALSE
	EndGlobalSection
	GlobalSection(ExtensibilityGlobals) = postSolution
		SolutionGuid = {CAF16D24-D398-46B1-98FE-22C017AEFBE2}
	EndGlobalSection
EndGlobal
